// !$*UTF8*$!
{
	archiveVersion = 1;
	classes = {
	};
	objectVersion = 56;
	objects = {

/* Begin PBXBuildFile section */
		53D90BEF28D4BB5C0083A99E /* LockedKeyChainApp.swift in Sources */ = {isa = PBXBuildFile; fileRef = 53D90BEE28D4BB5C0083A99E /* LockedKeyChainApp.swift */; };
		53D90BF128D4BB5C0083A99E /* ContentView.swift in Sources */ = {isa = PBXBuildFile; fileRef = 53D90BF028D4BB5C0083A99E /* ContentView.swift */; };
		53D90BF328D4BB5D0083A99E /* Assets.xcassets in Resources */ = {isa = PBXBuildFile; fileRef = 53D90BF228D4BB5D0083A99E /* Assets.xcassets */; };
		53D90BF628D4BB5D0083A99E /* Preview Assets.xcassets in Resources */ = {isa = PBXBuildFile; fileRef = 53D90BF528D4BB5D0083A99E /* Preview Assets.xcassets */; };
		53D90C0028D4BB5D0083A99E /* LockedKeyChainTests.swift in Sources */ = {isa = PBXBuildFile; fileRef = 53D90BFF28D4BB5D0083A99E /* LockedKeyChainTests.swift */; };
		53D90C0A28D4BB5D0083A99E /* LockedKeyChainUITests.swift in Sources */ = {isa = PBXBuildFile; fileRef = 53D90C0928D4BB5D0083A99E /* LockedKeyChainUITests.swift */; };
		53D90C0C28D4BB5D0083A99E /* LockedKeyChainUITestsLaunchTests.swift in Sources */ = {isa = PBXBuildFile; fileRef = 53D90C0B28D4BB5D0083A99E /* LockedKeyChainUITestsLaunchTests.swift */; };
/* End PBXBuildFile section */

/* Begin PBXContainerItemProxy section */
		53D90BFC28D4BB5D0083A99E /* PBXContainerItemProxy */ = {
			isa = PBXContainerItemProxy;
			containerPortal = 53D90BE328D4BB5C0083A99E /* Project object */;
			proxyType = 1;
			remoteGlobalIDString = 53D90BEA28D4BB5C0083A99E;
			remoteInfo = LockedKeyChain;
		};
		53D90C0628D4BB5D0083A99E /* PBXContainerItemProxy */ = {
			isa = PBXContainerItemProxy;
			containerPortal = 53D90BE328D4BB5C0083A99E /* Project object */;
			proxyType = 1;
			remoteGlobalIDString = 53D90BEA28D4BB5C0083A99E;
			remoteInfo = LockedKeyChain;
		};
/* End PBXContainerItemProxy section */

/* Begin PBXFileReference section */
		53D90BEB28D4BB5C0083A99E /* LockedKeyChain.app */ = {isa = PBXFileReference; explicitFileType = wrapper.application; includeInIndex = 0; path = LockedKeyChain.app; sourceTree = BUILT_PRODUCTS_DIR; };
		53D90BEE28D4BB5C0083A99E /* LockedKeyChainApp.swift */ = {isa = PBXFileReference; lastKnownFileType = sourcecode.swift; path = LockedKeyChainApp.swift; sourceTree = "<group>"; };
		53D90BF028D4BB5C0083A99E /* ContentView.swift */ = {isa = PBXFileReference; lastKnownFileType = sourcecode.swift; path = ContentView.swift; sourceTree = "<group>"; };
		53D90BF228D4BB5D0083A99E /* Assets.xcassets */ = {isa = PBXFileReference; lastKnownFileType = folder.assetcatalog; path = Assets.xcassets; sourceTree = "<group>"; };
		53D90BF528D4BB5D0083A99E /* Preview Assets.xcassets */ = {isa = PBXFileReference; lastKnownFileType = folder.assetcatalog; path = "Preview Assets.xcassets"; sourceTree = "<group>"; };
		53D90BFB28D4BB5D0083A99E /* LockedKeyChainTests.xctest */ = {isa = PBXFileReference; explicitFileType = wrapper.cfbundle; includeInIndex = 0; path = LockedKeyChainTests.xctest; sourceTree = BUILT_PRODUCTS_DIR; };
		53D90BFF28D4BB5D0083A99E /* LockedKeyChainTests.swift */ = {isa = PBXFileReference; lastKnownFileType = sourcecode.swift; path = LockedKeyChainTests.swift; sourceTree = "<group>"; };
		53D90C0528D4BB5D0083A99E /* LockedKeyChainUITests.xctest */ = {isa = PBXFileReference; explicitFileType = wrapper.cfbundle; includeInIndex = 0; path = LockedKeyChainUITests.xctest; sourceTree = BUILT_PRODUCTS_DIR; };
		53D90C0928D4BB5D0083A99E /* LockedKeyChainUITests.swift */ = {isa = PBXFileReference; lastKnownFileType = sourcecode.swift; path = LockedKeyChainUITests.swift; sourceTree = "<group>"; };
		53D90C0B28D4BB5D0083A99E /* LockedKeyChainUITestsLaunchTests.swift */ = {isa = PBXFileReference; lastKnownFileType = sourcecode.swift; path = LockedKeyChainUITestsLaunchTests.swift; sourceTree = "<group>"; };
/* End PBXFileReference section */

/* Begin PBXFrameworksBuildPhase section */
		53D90BE828D4BB5C0083A99E /* Frameworks */ = {
			isa = PBXFrameworksBuildPhase;
			buildActionMask = 2147483647;
			files = (
			);
			runOnlyForDeploymentPostprocessing = 0;
		};
		53D90BF828D4BB5D0083A99E /* Frameworks */ = {
			isa = PBXFrameworksBuildPhase;
			buildActionMask = 2147483647;
			files = (
			);
			runOnlyForDeploymentPostprocessing = 0;
		};
		53D90C0228D4BB5D0083A99E /* Frameworks */ = {
			isa = PBXFrameworksBuildPhase;
			buildActionMask = 2147483647;
			files = (
			);
			runOnlyForDeploymentPostprocessing = 0;
		};
/* End PBXFrameworksBuildPhase section */

/* Begin PBXGroup section */
		53D90BE228D4BB5C0083A99E = {
			isa = PBXGroup;
			children = (
				53D90BED28D4BB5C0083A99E /* LockedKeyChain */,
				53D90BFE28D4BB5D0083A99E /* LockedKeyChainTests */,
				53D90C0828D4BB5D0083A99E /* LockedKeyChainUITests */,
				53D90BEC28D4BB5C0083A99E /* Products */,
			);
			sourceTree = "<group>";
		};
		53D90BEC28D4BB5C0083A99E /* Products */ = {
			isa = PBXGroup;
			children = (
				53D90BEB28D4BB5C0083A99E /* LockedKeyChain.app */,
				53D90BFB28D4BB5D0083A99E /* LockedKeyChainTests.xctest */,
				53D90C0528D4BB5D0083A99E /* LockedKeyChainUITests.xctest */,
			);
			name = Products;
			sourceTree = "<group>";
		};
		53D90BED28D4BB5C0083A99E /* LockedKeyChain */ = {
			isa = PBXGroup;
			children = (
				53D90BEE28D4BB5C0083A99E /* LockedKeyChainApp.swift */,
				53D90BF028D4BB5C0083A99E /* ContentView.swift */,
				53D90BF228D4BB5D0083A99E /* Assets.xcassets */,
				53D90BF428D4BB5D0083A99E /* Preview Content */,
			);
			path = LockedKeyChain;
			sourceTree = "<group>";
		};
		53D90BF428D4BB5D0083A99E /* Preview Content */ = {
			isa = PBXGroup;
			children = (
				53D90BF528D4BB5D0083A99E /* Preview Assets.xcassets */,
			);
			path = "Preview Content";
			sourceTree = "<group>";
		};
		53D90BFE28D4BB5D0083A99E /* LockedKeyChainTests */ = {
			isa = PBXGroup;
			children = (
				53D90BFF28D4BB5D0083A99E /* LockedKeyChainTests.swift */,
			);
			path = LockedKeyChainTests;
			sourceTree = "<group>";
		};
		53D90C0828D4BB5D0083A99E /* LockedKeyChainUITests */ = {
			isa = PBXGroup;
			children = (
				53D90C0928D4BB5D0083A99E /* LockedKeyChainUITests.swift */,
				53D90C0B28D4BB5D0083A99E /* LockedKeyChainUITestsLaunchTests.swift */,
			);
			path = LockedKeyChainUITests;
			sourceTree = "<group>";
		};
/* End PBXGroup section */

/* Begin PBXNativeTarget section */
		53D90BEA28D4BB5C0083A99E /* LockedKeyChain */ = {
			isa = PBXNativeTarget;
			buildConfigurationList = 53D90C0F28D4BB5D0083A99E /* Build configuration list for PBXNativeTarget "LockedKeyChain" */;
			buildPhases = (
				53D90BE728D4BB5C0083A99E /* Sources */,
				53D90BE828D4BB5C0083A99E /* Frameworks */,
				53D90BE928D4BB5C0083A99E /* Resources */,
			);
			buildRules = (
			);
			dependencies = (
			);
			name = LockedKeyChain;
			productName = LockedKeyChain;
			productReference = 53D90BEB28D4BB5C0083A99E /* LockedKeyChain.app */;
			productType = "com.apple.product-type.application";
		};
		53D90BFA28D4BB5D0083A99E /* LockedKeyChainTests */ = {
			isa = PBXNativeTarget;
			buildConfigurationList = 53D90C1228D4BB5D0083A99E /* Build configuration list for PBXNativeTarget "LockedKeyChainTests" */;
			buildPhases = (
				53D90BF728D4BB5D0083A99E /* Sources */,
				53D90BF828D4BB5D0083A99E /* Frameworks */,
				53D90BF928D4BB5D0083A99E /* Resources */,
			);
			buildRules = (
			);
			dependencies = (
				53D90BFD28D4BB5D0083A99E /* PBXTargetDependency */,
			);
			name = LockedKeyChainTests;
			productName = LockedKeyChainTests;
			productReference = 53D90BFB28D4BB5D0083A99E /* LockedKeyChainTests.xctest */;
			productType = "com.apple.product-type.bundle.unit-test";
		};
		53D90C0428D4BB5D0083A99E /* LockedKeyChainUITests */ = {
			isa = PBXNativeTarget;
			buildConfigurationList = 53D90C1528D4BB5D0083A99E /* Build configuration list for PBXNativeTarget "LockedKeyChainUITests" */;
			buildPhases = (
				53D90C0128D4BB5D0083A99E /* Sources */,
				53D90C0228D4BB5D0083A99E /* Frameworks */,
				53D90C0328D4BB5D0083A99E /* Resources */,
			);
			buildRules = (
			);
			dependencies = (
				53D90C0728D4BB5D0083A99E /* PBXTargetDependency */,
			);
			name = LockedKeyChainUITests;
			productName = LockedKeyChainUITests;
			productReference = 53D90C0528D4BB5D0083A99E /* LockedKeyChainUITests.xctest */;
			productType = "com.apple.product-type.bundle.ui-testing";
		};
/* End PBXNativeTarget section */

/* Begin PBXProject section */
		53D90BE328D4BB5C0083A99E /* Project object */ = {
			isa = PBXProject;
			attributes = {
				BuildIndependentTargetsInParallel = 1;
				LastSwiftUpdateCheck = 1400;
				LastUpgradeCheck = 1400;
				TargetAttributes = {
					53D90BEA28D4BB5C0083A99E = {
						CreatedOnToolsVersion = 14.0;
					};
					53D90BFA28D4BB5D0083A99E = {
						CreatedOnToolsVersion = 14.0;
						TestTargetID = 53D90BEA28D4BB5C0083A99E;
					};
					53D90C0428D4BB5D0083A99E = {
						CreatedOnToolsVersion = 14.0;
						TestTargetID = 53D90BEA28D4BB5C0083A99E;
					};
				};
			};
			buildConfigurationList = 53D90BE628D4BB5C0083A99E /* Build configuration list for PBXProject "LockedKeyChain" */;
			compatibilityVersion = "Xcode 14.0";
			developmentRegion = en;
			hasScannedForEncodings = 0;
			knownRegions = (
				en,
				Base,
			);
			mainGroup = 53D90BE228D4BB5C0083A99E;
			productRefGroup = 53D90BEC28D4BB5C0083A99E /* Products */;
			projectDirPath = "";
			projectRoot = "";
			targets = (
				53D90BEA28D4BB5C0083A99E /* LockedKeyChain */,
				53D90BFA28D4BB5D0083A99E /* LockedKeyChainTests */,
				53D90C0428D4BB5D0083A99E /* LockedKeyChainUITests */,
			);
		};
/* End PBXProject section */

/* Begin PBXResourcesBuildPhase section */
		53D90BE928D4BB5C0083A99E /* Resources */ = {
			isa = PBXResourcesBuildPhase;
			buildActionMask = 2147483647;
			files = (
				53D90BF628D4BB5D0083A99E /* Preview Assets.xcassets in Resources */,
				53D90BF328D4BB5D0083A99E /* Assets.xcassets in Resources */,
			);
			runOnlyForDeploymentPostprocessing = 0;
		};
		53D90BF928D4BB5D0083A99E /* Resources */ = {
			isa = PBXResourcesBuildPhase;
			buildActionMask = 2147483647;
			files = (
			);
			runOnlyForDeploymentPostprocessing = 0;
		};
		53D90C0328D4BB5D0083A99E /* Resources */ = {
			isa = PBXResourcesBuildPhase;
			buildActionMask = 2147483647;
			files = (
			);
			runOnlyForDeploymentPostprocessing = 0;
		};
/* End PBXResourcesBuildPhase section */

/* Begin PBXSourcesBuildPhase section */
		53D90BE728D4BB5C0083A99E /* Sources */ = {
			isa = PBXSourcesBuildPhase;
			buildActionMask = 2147483647;
			files = (
				53D90BF128D4BB5C0083A99E /* ContentView.swift in Sources */,
				53D90BEF28D4BB5C0083A99E /* LockedKeyChainApp.swift in Sources */,
			);
			runOnlyForDeploymentPostprocessing = 0;
		};
		53D90BF728D4BB5D0083A99E /* Sources */ = {
			isa = PBXSourcesBuildPhase;
			buildActionMask = 2147483647;
			files = (
				53D90C0028D4BB5D0083A99E /* LockedKeyChainTests.swift in Sources */,
			);
			runOnlyForDeploymentPostprocessing = 0;
		};
		53D90C0128D4BB5D0083A99E /* Sources */ = {
			isa = PBXSourcesBuildPhase;
			buildActionMask = 2147483647;
			files = (
				53D90C0C28D4BB5D0083A99E /* LockedKeyChainUITestsLaunchTests.swift in Sources */,
				53D90C0A28D4BB5D0083A99E /* LockedKeyChainUITests.swift in Sources */,
			);
			runOnlyForDeploymentPostprocessing = 0;
		};
/* End PBXSourcesBuildPhase section */

/* Begin PBXTargetDependency section */
		53D90BFD28D4BB5D0083A99E /* PBXTargetDependency */ = {
			isa = PBXTargetDependency;
			target = 53D90BEA28D4BB5C0083A99E /* LockedKeyChain */;
			targetProxy = 53D90BFC28D4BB5D0083A99E /* PBXContainerItemProxy */;
		};
		53D90C0728D4BB5D0083A99E /* PBXTargetDependency */ = {
			isa = PBXTargetDependency;
			target = 53D90BEA28D4BB5C0083A99E /* LockedKeyChain */;
			targetProxy = 53D90C0628D4BB5D0083A99E /* PBXContainerItemProxy */;
		};
/* End PBXTargetDependency section */

/* Begin XCBuildConfiguration section */
		53D90C0D28D4BB5D0083A99E /* Debug */ = {
			isa = XCBuildConfiguration;
			buildSettings = {
				ALWAYS_SEARCH_USER_PATHS = NO;
				CLANG_ANALYZER_NONNULL = YES;
				CLANG_ANALYZER_NUMBER_OBJECT_CONVERSION = YES_AGGRESSIVE;
				CLANG_CXX_LANGUAGE_STANDARD = "gnu++20";
				CLANG_ENABLE_MODULES = YES;
				CLANG_ENABLE_OBJC_ARC = YES;
				CLANG_ENABLE_OBJC_WEAK = YES;
				CLANG_WARN_BLOCK_CAPTURE_AUTORELEASING = YES;
				CLANG_WARN_BOOL_CONVERSION = YES;
				CLANG_WARN_COMMA = YES;
				CLANG_WARN_CONSTANT_CONVERSION = YES;
				CLANG_WARN_DEPRECATED_OBJC_IMPLEMENTATIONS = YES;
				CLANG_WARN_DIRECT_OBJC_ISA_USAGE = YES_ERROR;
				CLANG_WARN_DOCUMENTATION_COMMENTS = YES;
				CLANG_WARN_EMPTY_BODY = YES;
				CLANG_WARN_ENUM_CONVERSION = YES;
				CLANG_WARN_INFINITE_RECURSION = YES;
				CLANG_WARN_INT_CONVERSION = YES;
				CLANG_WARN_NON_LITERAL_NULL_CONVERSION = YES;
				CLANG_WARN_OBJC_IMPLICIT_RETAIN_SELF = YES;
				CLANG_WARN_OBJC_LITERAL_CONVERSION = YES;
				CLANG_WARN_OBJC_ROOT_CLASS = YES_ERROR;
				CLANG_WARN_QUOTED_INCLUDE_IN_FRAMEWORK_HEADER = YES;
				CLANG_WARN_RANGE_LOOP_ANALYSIS = YES;
				CLANG_WARN_STRICT_PROTOTYPES = YES;
				CLANG_WARN_SUSPICIOUS_MOVE = YES;
				CLANG_WARN_UNGUARDED_AVAILABILITY = YES_AGGRESSIVE;
				CLANG_WARN_UNREACHABLE_CODE = YES;
				CLANG_WARN__DUPLICATE_METHOD_MATCH = YES;
				COPY_PHASE_STRIP = NO;
				DEBUG_INFORMATION_FORMAT = dwarf;
				ENABLE_STRICT_OBJC_MSGSEND = YES;
				ENABLE_TESTABILITY = YES;
				GCC_C_LANGUAGE_STANDARD = gnu11;
				GCC_DYNAMIC_NO_PIC = NO;
				GCC_NO_COMMON_BLOCKS = YES;
				GCC_OPTIMIZATION_LEVEL = 0;
				GCC_PREPROCESSOR_DEFINITIONS = (
					"DEBUG=1",
					"$(inherited)",
				);
				GCC_WARN_64_TO_32_BIT_CONVERSION = YES;
				GCC_WARN_ABOUT_RETURN_TYPE = YES_ERROR;
				GCC_WARN_UNDECLARED_SELECTOR = YES;
				GCC_WARN_UNINITIALIZED_AUTOS = YES_AGGRESSIVE;
				GCC_WARN_UNUSED_FUNCTION = YES;
				GCC_WARN_UNUSED_VARIABLE = YES;
				IPHONEOS_DEPLOYMENT_TARGET = 16.0;
				MTL_ENABLE_DEBUG_INFO = INCLUDE_SOURCE;
				MTL_FAST_MATH = YES;
				ONLY_ACTIVE_ARCH = YES;
				SDKROOT = iphoneos;
				SWIFT_ACTIVE_COMPILATION_CONDITIONS = DEBUG;
				SWIFT_OPTIMIZATION_LEVEL = "-Onone";
			};
			name = Debug;
		};
		53D90C0E28D4BB5D0083A99E /* Release */ = {
			isa = XCBuildConfiguration;
			buildSettings = {
				ALWAYS_SEARCH_USER_PATHS = NO;
				CLANG_ANALYZER_NONNULL = YES;
				CLANG_ANALYZER_NUMBER_OBJECT_CONVERSION = YES_AGGRESSIVE;
				CLANG_CXX_LANGUAGE_STANDARD = "gnu++20";
				CLANG_ENABLE_MODULES = YES;
				CLANG_ENABLE_OBJC_ARC = YES;
				CLANG_ENABLE_OBJC_WEAK = YES;
				CLANG_WARN_BLOCK_CAPTURE_AUTORELEASING = YES;
				CLANG_WARN_BOOL_CONVERSION = YES;
				CLANG_WARN_COMMA = YES;
				CLANG_WARN_CONSTANT_CONVERSION = YES;
				CLANG_WARN_DEPRECATED_OBJC_IMPLEMENTATIONS = YES;
				CLANG_WARN_DIRECT_OBJC_ISA_USAGE = YES_ERROR;
				CLANG_WARN_DOCUMENTATION_COMMENTS = YES;
				CLANG_WARN_EMPTY_BODY = YES;
				CLANG_WARN_ENUM_CONVERSION = YES;
				CLANG_WARN_INFINITE_RECURSION = YES;
				CLANG_WARN_INT_CONVERSION = YES;
				CLANG_WARN_NON_LITERAL_NULL_CONVERSION = YES;
				CLANG_WARN_OBJC_IMPLICIT_RETAIN_SELF = YES;
				CLANG_WARN_OBJC_LITERAL_CONVERSION = YES;
				CLANG_WARN_OBJC_ROOT_CLASS = YES_ERROR;
				CLANG_WARN_QUOTED_INCLUDE_IN_FRAMEWORK_HEADER = YES;
				CLANG_WARN_RANGE_LOOP_ANALYSIS = YES;
				CLANG_WARN_STRICT_PROTOTYPES = YES;
				CLANG_WARN_SUSPICIOUS_MOVE = YES;
				CLANG_WARN_UNGUARDED_AVAILABILITY = YES_AGGRESSIVE;
				CLANG_WARN_UNREACHABLE_CODE = YES;
				CLANG_WARN__DUPLICATE_METHOD_MATCH = YES;
				COPY_PHASE_STRIP = NO;
				DEBUG_INFORMATION_FORMAT = "dwarf-with-dsym";
				ENABLE_NS_ASSERTIONS = NO;
				ENABLE_STRICT_OBJC_MSGSEND = YES;
				GCC_C_LANGUAGE_STANDARD = gnu11;
				GCC_NO_COMMON_BLOCKS = YES;
				GCC_WARN_64_TO_32_BIT_CONVERSION = YES;
				GCC_WARN_ABOUT_RETURN_TYPE = YES_ERROR;
				GCC_WARN_UNDECLARED_SELECTOR = YES;
				GCC_WARN_UNINITIALIZED_AUTOS = YES_AGGRESSIVE;
				GCC_WARN_UNUSED_FUNCTION = YES;
				GCC_WARN_UNUSED_VARIABLE = YES;
				IPHONEOS_DEPLOYMENT_TARGET = 16.0;
				MTL_ENABLE_DEBUG_INFO = NO;
				MTL_FAST_MATH = YES;
				SDKROOT = iphoneos;
				SWIFT_COMPILATION_MODE = wholemodule;
				SWIFT_OPTIMIZATION_LEVEL = "-O";
				VALIDATE_PRODUCT = YES;
			};
			name = Release;
		};
		53D90C1028D4BB5D0083A99E /* Debug */ = {
			isa = XCBuildConfiguration;
			buildSettings = {
				ASSETCATALOG_COMPILER_APPICON_NAME = AppIcon;
				ASSETCATALOG_COMPILER_GLOBAL_ACCENT_COLOR_NAME = AccentColor;
				CODE_SIGN_STYLE = Automatic;
				CURRENT_PROJECT_VERSION = 1;
				DEVELOPMENT_ASSET_PATHS = "\"LockedKeyChain/Preview Content\"";
				DEVELOPMENT_TEAM = N5J83UZAWG;
				ENABLE_PREVIEWS = YES;
				GENERATE_INFOPLIST_FILE = YES;
				INFOPLIST_KEY_UIApplicationSceneManifest_Generation = YES;
				INFOPLIST_KEY_UIApplicationSupportsIndirectInputEvents = YES;
				INFOPLIST_KEY_UILaunchScreen_Generation = YES;
				INFOPLIST_KEY_UISupportedInterfaceOrientations_iPad = "UIInterfaceOrientationPortrait UIInterfaceOrientationPortraitUpsideDown UIInterfaceOrientationLandscapeLeft UIInterfaceOrientationLandscapeRight";
				INFOPLIST_KEY_UISupportedInterfaceOrientations_iPhone = "UIInterfaceOrientationPortrait UIInterfaceOrientationLandscapeLeft UIInterfaceOrientationLandscapeRight";
				LD_RUNPATH_SEARCH_PATHS = (
					"$(inherited)",
					"@executable_path/Frameworks",
				);
				MARKETING_VERSION = 1.0;
				PRODUCT_BUNDLE_IDENTIFIER = com.keith.staines.LockedKeyChain;
				PRODUCT_NAME = "$(TARGET_NAME)";
				SWIFT_EMIT_LOC_STRINGS = YES;
				SWIFT_VERSION = 5.0;
				TARGETED_DEVICE_FAMILY = "1,2";
			};
			name = Debug;
		};
		53D90C1128D4BB5D0083A99E /* Release */ = {
			isa = XCBuildConfiguration;
			buildSettings = {
				ASSETCATALOG_COMPILER_APPICON_NAME = AppIcon;
				ASSETCATALOG_COMPILER_GLOBAL_ACCENT_COLOR_NAME = AccentColor;
				CODE_SIGN_STYLE = Automatic;
				CURRENT_PROJECT_VERSION = 1;
				DEVELOPMENT_ASSET_PATHS = "\"LockedKeyChain/Preview Content\"";
				DEVELOPMENT_TEAM = N5J83UZAWG;
				ENABLE_PREVIEWS = YES;
				GENERATE_INFOPLIST_FILE = YES;
				INFOPLIST_KEY_UIApplicationSceneManifest_Generation = YES;
				INFOPLIST_KEY_UIApplicationSupportsIndirectInputEvents = YES;
				INFOPLIST_KEY_UILaunchScreen_Generation = YES;
				INFOPLIST_KEY_UISupportedInterfaceOrientations_iPad = "UIInterfaceOrientationPortrait UIInterfaceOrientationPortraitUpsideDown UIInterfaceOrientationLandscapeLeft UIInterfaceOrientationLandscapeRight";
				INFOPLIST_KEY_UISupportedInterfaceOrientations_iPhone = "UIInterfaceOrientationPortrait UIInterfaceOrientationLandscapeLeft UIInterfaceOrientationLandscapeRight";
				LD_RUNPATH_SEARCH_PATHS = (
					"$(inherited)",
					"@executable_path/Frameworks",
				);
				MARKETING_VERSION = 1.0;
				PRODUCT_BUNDLE_IDENTIFIER = com.keith.staines.LockedKeyChain;
				PRODUCT_NAME = "$(TARGET_NAME)";
				SWIFT_EMIT_LOC_STRINGS = YES;
				SWIFT_VERSION = 5.0;
				TARGETED_DEVICE_FAMILY = "1,2";
			};
			name = Release;
		};
		53D90C1328D4BB5D0083A99E /* Debug */ = {
			isa = XCBuildConfiguration;
			buildSettings = {
				ALWAYS_EMBED_SWIFT_STANDARD_LIBRARIES = YES;
				BUNDLE_LOADER = "$(TEST_HOST)";
				CODE_SIGN_STYLE = Automatic;
				CURRENT_PROJECT_VERSION = 1;
				DEVELOPMENT_TEAM = N5J83UZAWG;
				GENERATE_INFOPLIST_FILE = YES;
				IPHONEOS_DEPLOYMENT_TARGET = 16.0;
				MARKETING_VERSION = 1.0;
				PRODUCT_BUNDLE_IDENTIFIER = com.keith.staines.LockedKeyChainTests;
				PRODUCT_NAME = "$(TARGET_NAME)";
				SWIFT_EMIT_LOC_STRINGS = NO;
				SWIFT_VERSION = 5.0;
				TARGETED_DEVICE_FAMILY = "1,2";
				TEST_HOST = "$(BUILT_PRODUCTS_DIR)/LockedKeyChain.app/$(BUNDLE_EXECUTABLE_FOLDER_PATH)/LockedKeyChain";
			};
			name = Debug;
		};
		53D90C1428D4BB5D0083A99E /* Release */ = {
			isa = XCBuildConfiguration;
			buildSettings = {
				ALWAYS_EMBED_SWIFT_STANDARD_LIBRARIES = YES;
				BUNDLE_LOADER = "$(TEST_HOST)";
				CODE_SIGN_STYLE = Automatic;
				CURRENT_PROJECT_VERSION = 1;
				DEVELOPMENT_TEAM = N5J83UZAWG;
				GENERATE_INFOPLIST_FILE = YES;
				IPHONEOS_DEPLOYMENT_TARGET = 16.0;
				MARKETING_VERSION = 1.0;
				PRODUCT_BUNDLE_IDENTIFIER = com.keith.staines.LockedKeyChainTests;
				PRODUCT_NAME = "$(TARGET_NAME)";
				SWIFT_EMIT_LOC_STRINGS = NO;
				SWIFT_VERSION = 5.0;
				TARGETED_DEVICE_FAMILY = "1,2";
				TEST_HOST = "$(BUILT_PRODUCTS_DIR)/LockedKeyChain.app/$(BUNDLE_EXECUTABLE_FOLDER_PATH)/LockedKeyChain";
			};
			name = Release;
		};
		53D90C1628D4BB5D0083A99E /* Debug */ = {
			isa = XCBuildConfiguration;
			buildSettings = {
				ALWAYS_EMBED_SWIFT_STANDARD_LIBRARIES = YES;
				CODE_SIGN_STYLE = Automatic;
				CURRENT_PROJECT_VERSION = 1;
				DEVELOPMENT_TEAM = N5J83UZAWG;
				GENERATE_INFOPLIST_FILE = YES;
				MARKETING_VERSION = 1.0;
				PRODUCT_BUNDLE_IDENTIFIER = com.keith.staines.LockedKeyChainUITests;
				PRODUCT_NAME = "$(TARGET_NAME)";
				SWIFT_EMIT_LOC_STRINGS = NO;
				SWIFT_VERSION = 5.0;
				TARGETED_DEVICE_FAMILY = "1,2";
				TEST_TARGET_NAME = LockedKeyChain;
			};
			name = Debug;
		};
		53D90C1728D4BB5D0083A99E /* Release */ = {
			isa = XCBuildConfiguration;
			buildSettings = {
				ALWAYS_EMBED_SWIFT_STANDARD_LIBRARIES = YES;
				CODE_SIGN_STYLE = Automatic;
				CURRENT_PROJECT_VERSION = 1;
				DEVELOPMENT_TEAM = N5J83UZAWG;
				GENERATE_INFOPLIST_FILE = YES;
				MARKETING_VERSION = 1.0;
				PRODUCT_BUNDLE_IDENTIFIER = com.keith.staines.LockedKeyChainUITests;
				PRODUCT_NAME = "$(TARGET_NAME)";
				SWIFT_EMIT_LOC_STRINGS = NO;
				SWIFT_VERSION = 5.0;
				TARGETED_DEVICE_FAMILY = "1,2";
				TEST_TARGET_NAME = LockedKeyChain;
			};
			name = Release;
		};
/* End XCBuildConfiguration section */

/* Begin XCConfigurationList section */
		53D90BE628D4BB5C0083A99E /* Build configuration list for PBXProject "LockedKeyChain" */ = {
			isa = XCConfigurationList;
			buildConfigurations = (
				53D90C0D28D4BB5D0083A99E /* Debug */,
				53D90C0E28D4BB5D0083A99E /* Release */,
			);
			defaultConfigurationIsVisible = 0;
			defaultConfigurationName = Release;
		};
		53D90C0F28D4BB5D0083A99E /* Build configuration list for PBXNativeTarget "LockedKeyChain" */ = {
			isa = XCConfigurationList;
			buildConfigurations = (
				53D90C1028D4BB5D0083A99E /* Debug */,
				53D90C1128D4BB5D0083A99E /* Release */,
			);
			defaultConfigurationIsVisible = 0;
			defaultConfigurationName = Release;
		};
		53D90C1228D4BB5D0083A99E /* Build configuration list for PBXNativeTarget "LockedKeyChainTests" */ = {
			isa = XCConfigurationList;
			buildConfigurations = (
				53D90C1328D4BB5D0083A99E /* Debug */,
				53D90C1428D4BB5D0083A99E /* Release */,
			);
			defaultConfigurationIsVisible = 0;
			defaultConfigurationName = Release;
		};
		53D90C1528D4BB5D0083A99E /* Build configuration list for PBXNativeTarget "LockedKeyChainUITests" */ = {
			isa = XCConfigurationList;
			buildConfigurations = (
				53D90C1628D4BB5D0083A99E /* Debug */,
				53D90C1728D4BB5D0083A99E /* Release */,
			);
			defaultConfigurationIsVisible = 0;
			defaultConfigurationName = Release;
		};
/* End XCConfigurationList section */
	};
	rootObject = 53D90BE328D4BB5C0083A99E /* Project object */;
}
